
Microsoft Visual Studio Solution File, Format Version 12.00
# Visual Studio Version 17
VisualStudioVersion = 17.7.34031.279
MinimumVisualStudioVersion = 10.0.40219.1
Project("{8BC9CEB8-8B4A-11D0-8D11-00A0C91BC942}") = "ChenckHumanFace", "ChenckHumanFace.vcxproj", "{DAC23D1F-BAD4-4580-AE04-61195ADF09A6}"
EndProject
Global
	GlobalSection(SolutionConfigurationPlatforms) = preSolution
		Debug|x64 = Debug|x64
		Debug|x86 = Debug|x86
		Release|x64 = Release|x64
		Release|x86 = Release|x86
	EndGlobalSection
	GlobalSection(ProjectConfigurationPlatforms) = postSolution
		{DAC23D1F-BAD4-4580-AE04-61195ADF09A6}.Debug|x64.ActiveCfg = Debug|x64
		{DAC23D1F-BAD4-4580-AE04-61195ADF09A6}.Debug|x64.Build.0 = Debug|x64
		{DAC23D1F-BAD4-4580-AE04-61195ADF09A6}.Debug|x86.ActiveCfg = Debug|Win32
		{DAC23D1F-BAD4-4580-AE04-61195ADF09A6}.Debug|x86.Build.0 = Debug|Win32
		{DAC23D1F-BAD4-4580-AE04-61195ADF09A6}.Release|x64.ActiveCfg = Release|x64
		{DAC23D1F-BAD4-4580-AE04-61195ADF09A6}.Release|x64.Build.0 = Release|x64
		{DAC23D1F-BAD4-4580-AE04-61195ADF09A6}.Release|x86.ActiveCfg = Release|Win32
		{DAC23D1F-BAD4-4580-AE04-61195ADF09A6}.Release|x86.Build.0 = Release|Win32
	EndGlobalSection
	GlobalSection(SolutionProperties) = preSolution
		HideSolutionNode = FALSE
	EndGlobalSection
	GlobalSection(ExtensibilityGlobals) = postSolution
		SolutionGuid = {3151F690-AA1C-4F3B-B62A-AB6081F87395}
	EndGlobalSection
EndGlobal
